// !$*UTF8*$!
{
	archiveVersion = 1;
	classes = {
	};
	objectVersion = 50;
	objects = {

/* Begin PBXBuildFile section */
		672E13A22525F36600FCBF44 /* UI8App.swift in Sources */ = {isa = PBXBuildFile; fileRef = 672E13A12525F36600FCBF44 /* UI8App.swift */; };
		672E13A42525F36600FCBF44 /* ContentView.swift in Sources */ = {isa = PBXBuildFile; fileRef = 672E13A32525F36600FCBF44 /* ContentView.swift */; };
		672E13A62525F36600FCBF44 /* Assets.xcassets in Resources */ = {isa = PBXBuildFile; fileRef = 672E13A52525F36600FCBF44 /* Assets.xcassets */; };
		672E13A92525F36600FCBF44 /* Preview Assets.xcassets in Resources */ = {isa = PBXBuildFile; fileRef = 672E13A82525F36600FCBF44 /* Preview Assets.xcassets */; };
		672E13B42525F36600FCBF44 /* UI8Tests.swift in Sources */ = {isa = PBXBuildFile; fileRef = 672E13B32525F36600FCBF44 /* UI8Tests.swift */; };
		672E13BF2525F36600FCBF44 /* UI8UITests.swift in Sources */ = {isa = PBXBuildFile; fileRef = 672E13BE2525F36600FCBF44 /* UI8UITests.swift */; };
/* End PBXBuildFile section */

/* Begin PBXContainerItemProxy section */
		672E13B02525F36600FCBF44 /* PBXContainerItemProxy */ = {
			isa = PBXContainerItemProxy;
			containerPortal = 672E13962525F36600FCBF44 /* Project object */;
			proxyType = 1;
			remoteGlobalIDString = 672E139D2525F36600FCBF44;
			remoteInfo = UI8;
		};
		672E13BB2525F36600FCBF44 /* PBXContainerItemProxy */ = {
			isa = PBXContainerItemProxy;
			containerPortal = 672E13962525F36600FCBF44 /* Project object */;
			proxyType = 1;
			remoteGlobalIDString = 672E139D2525F36600FCBF44;
			remoteInfo = UI8;
		};
/* End PBXContainerItemProxy section */

/* Begin PBXFileReference section */
		672E139E2525F36600FCBF44 /* UI8.app */ = {isa = PBXFileReference; explicitFileType = wrapper.application; includeInIndex = 0; path = UI8.app; sourceTree = BUILT_PRODUCTS_DIR; };
		672E13A12525F36600FCBF44 /* UI8App.swift */ = {isa = PBXFileReference; lastKnownFileType = sourcecode.swift; path = UI8App.swift; sourceTree = "<group>"; };
		672E13A32525F36600FCBF44 /* ContentView.swift */ = {isa = PBXFileReference; lastKnownFileType = sourcecode.swift; path = ContentView.swift; sourceTree = "<group>"; };
		672E13A52525F36600FCBF44 /* Assets.xcassets */ = {isa = PBXFileReference; lastKnownFileType = folder.assetcatalog; path = Assets.xcassets; sourceTree = "<group>"; };
		672E13A82525F36600FCBF44 /* Preview Assets.xcassets */ = {isa = PBXFileReference; lastKnownFileType = folder.assetcatalog; path = "Preview Assets.xcassets"; sourceTree = "<group>"; };
		672E13AA2525F36600FCBF44 /* Info.plist */ = {isa = PBXFileReference; lastKnownFileType = text.plist.xml; path = Info.plist; sourceTree = "<group>"; };
		672E13AF2525F36600FCBF44 /* UI8Tests.xctest */ = {isa = PBXFileReference; explicitFileType = wrapper.cfbundle; includeInIndex = 0; path = UI8Tests.xctest; sourceTree = BUILT_PRODUCTS_DIR; };
		672E13B32525F36600FCBF44 /* UI8Tests.swift */ = {isa = PBXFileReference; lastKnownFileType = sourcecode.swift; path = UI8Tests.swift; sourceTree = "<group>"; };
		672E13B52525F36600FCBF44 /* Info.plist */ = {isa = PBXFileReference; lastKnownFileType = text.plist.xml; path = Info.plist; sourceTree = "<group>"; };
		672E13BA2525F36600FCBF44 /* UI8UITests.xctest */ = {isa = PBXFileReference; explicitFileType = wrapper.cfbundle; includeInIndex = 0; path = UI8UITests.xctest; sourceTree = BUILT_PRODUCTS_DIR; };
		672E13BE2525F36600FCBF44 /* UI8UITests.swift */ = {isa = PBXFileReference; lastKnownFileType = sourcecode.swift; path = UI8UITests.swift; sourceTree = "<group>"; };
		672E13C02525F36600FCBF44 /* Info.plist */ = {isa = PBXFileReference; lastKnownFileType = text.plist.xml; path = Info.plist; sourceTree = "<group>"; };
/* End PBXFileReference section */

/* Begin PBXFrameworksBuildPhase section */
		672E139B2525F36600FCBF44 /* Frameworks */ = {
			isa = PBXFrameworksBuildPhase;
			buildActionMask = 2147483647;
			files = (
			);
			runOnlyForDeploymentPostprocessing = 0;
		};
		672E13AC2525F36600FCBF44 /* Frameworks */ = {
			isa = PBXFrameworksBuildPhase;
			buildActionMask = 2147483647;
			files = (
			);
			runOnlyForDeploymentPostprocessing = 0;
		};
		672E13B72525F36600FCBF44 /* Frameworks */ = {
			isa = PBXFrameworksBuildPhase;
			buildActionMask = 2147483647;
			files = (
			);
			runOnlyForDeploymentPostprocessing = 0;
		};
/* End PBXFrameworksBuildPhase section */

/* Begin PBXGroup section */
		672E13952525F36600FCBF44 = {
			isa = PBXGroup;
			children = (
				672E13A02525F36600FCBF44 /* UI8 */,
				672E13B22525F36600FCBF44 /* UI8Tests */,
				672E13BD2525F36600FCBF44 /* UI8UITests */,
				672E139F2525F36600FCBF44 /* Products */,
			);
			sourceTree = "<group>";
		};
		672E139F2525F36600FCBF44 /* Products */ = {
			isa = PBXGroup;
			children = (
				672E139E2525F36600FCBF44 /* UI8.app */,
				672E13AF2525F36600FCBF44 /* UI8Tests.xctest */,
				672E13BA2525F36600FCBF44 /* UI8UITests.xctest */,
			);
			name = Products;
			sourceTree = "<group>";
		};
		672E13A02525F36600FCBF44 /* UI8 */ = {
			isa = PBXGroup;
			children = (
				672E13A12525F36600FCBF44 /* UI8App.swift */,
				672E13A32525F36600FCBF44 /* ContentView.swift */,
				672E13A52525F36600FCBF44 /* Assets.xcassets */,
				672E13AA2525F36600FCBF44 /* Info.plist */,
				672E13A72525F36600FCBF44 /* Preview Content */,
			);
			path = UI8;
			sourceTree = "<group>";
		};
		672E13A72525F36600FCBF44 /* Preview Content */ = {
			isa = PBXGroup;
			children = (
				672E13A82525F36600FCBF44 /* Preview Assets.xcassets */,
			);
			path = "Preview Content";
			sourceTree = "<group>";
		};
		672E13B22525F36600FCBF44 /* UI8Tests */ = {
			isa = PBXGroup;
			children = (
				672E13B32525F36600FCBF44 /* UI8Tests.swift */,
				672E13B52525F36600FCBF44 /* Info.plist */,
			);
			path = UI8Tests;
			sourceTree = "<group>";
		};
		672E13BD2525F36600FCBF44 /* UI8UITests */ = {
			isa = PBXGroup;
			children = (
				672E13BE2525F36600FCBF44 /* UI8UITests.swift */,
				672E13C02525F36600FCBF44 /* Info.plist */,
			);
			path = UI8UITests;
			sourceTree = "<group>";
		};
/* End PBXGroup section */

/* Begin PBXNativeTarget section */
		672E139D2525F36600FCBF44 /* UI8 */ = {
			isa = PBXNativeTarget;
			buildConfigurationList = 672E13C32525F36600FCBF44 /* Build configuration list for PBXNativeTarget "UI8" */;
			buildPhases = (
				672E139A2525F36600FCBF44 /* Sources */,
				672E139B2525F36600FCBF44 /* Frameworks */,
				672E139C2525F36600FCBF44 /* Resources */,
			);
			buildRules = (
			);
			dependencies = (
			);
			name = UI8;
			productName = UI8;
			productReference = 672E139E2525F36600FCBF44 /* UI8.app */;
			productType = "com.apple.product-type.application";
		};
		672E13AE2525F36600FCBF44 /* UI8Tests */ = {
			isa = PBXNativeTarget;
			buildConfigurationList = 672E13C62525F36600FCBF44 /* Build configuration list for PBXNativeTarget "UI8Tests" */;
			buildPhases = (
				672E13AB2525F36600FCBF44 /* Sources */,
				672E13AC2525F36600FCBF44 /* Frameworks */,
				672E13AD2525F36600FCBF44 /* Resources */,
			);
			buildRules = (
			);
			dependencies = (
				672E13B12525F36600FCBF44 /* PBXTargetDependency */,
			);
			name = UI8Tests;
			productName = UI8Tests;
			productReference = 672E13AF2525F36600FCBF44 /* UI8Tests.xctest */;
			productType = "com.apple.product-type.bundle.unit-test";
		};
		672E13B92525F36600FCBF44 /* UI8UITests */ = {
			isa = PBXNativeTarget;
			buildConfigurationList = 672E13C92525F36600FCBF44 /* Build configuration list for PBXNativeTarget "UI8UITests" */;
			buildPhases = (
				672E13B62525F36600FCBF44 /* Sources */,
				672E13B72525F36600FCBF44 /* Frameworks */,
				672E13B82525F36600FCBF44 /* Resources */,
			);
			buildRules = (
			);
			dependencies = (
				672E13BC2525F36600FCBF44 /* PBXTargetDependency */,
			);
			name = UI8UITests;
			productName = UI8UITests;
			productReference = 672E13BA2525F36600FCBF44 /* UI8UITests.xctest */;
			productType = "com.apple.product-type.bundle.ui-testing";
		};
/* End PBXNativeTarget section */

/* Begin PBXProject section */
		672E13962525F36600FCBF44 /* Project object */ = {
			isa = PBXProject;
			attributes = {
				LastSwiftUpdateCheck = 1200;
				LastUpgradeCheck = 1200;
				TargetAttributes = {
					672E139D2525F36600FCBF44 = {
						CreatedOnToolsVersion = 12.0.1;
					};
					672E13AE2525F36600FCBF44 = {
						CreatedOnToolsVersion = 12.0.1;
						TestTargetID = 672E139D2525F36600FCBF44;
					};
					672E13B92525F36600FCBF44 = {
						CreatedOnToolsVersion = 12.0.1;
						TestTargetID = 672E139D2525F36600FCBF44;
					};
				};
			};
			buildConfigurationList = 672E13992525F36600FCBF44 /* Build configuration list for PBXProject "UI8" */;
			compatibilityVersion = "Xcode 9.3";
			developmentRegion = en;
			hasScannedForEncodings = 0;
			knownRegions = (
				en,
				Base,
			);
			mainGroup = 672E13952525F36600FCBF44;
			productRefGroup = 672E139F2525F36600FCBF44 /* Products */;
			projectDirPath = "";
			projectRoot = "";
			targets = (
				672E139D2525F36600FCBF44 /* UI8 */,
				672E13AE2525F36600FCBF44 /* UI8Tests */,
				672E13B92525F36600FCBF44 /* UI8UITests */,
			);
		};
/* End PBXProject section */

/* Begin PBXResourcesBuildPhase section */
		672E139C2525F36600FCBF44 /* Resources */ = {
			isa = PBXResourcesBuildPhase;
			buildActionMask = 2147483647;
			files = (
				672E13A92525F36600FCBF44 /* Preview Assets.xcassets in Resources */,
				672E13A62525F36600FCBF44 /* Assets.xcassets in Resources */,
			);
			runOnlyForDeploymentPostprocessing = 0;
		};
		672E13AD2525F36600FCBF44 /* Resources */ = {
			isa = PBXResourcesBuildPhase;
			buildActionMask = 2147483647;
			files = (
			);
			runOnlyForDeploymentPostprocessing = 0;
		};
		672E13B82525F36600FCBF44 /* Resources */ = {
			isa = PBXResourcesBuildPhase;
			buildActionMask = 2147483647;
			files = (
			);
			runOnlyForDeploymentPostprocessing = 0;
		};
/* End PBXResourcesBuildPhase section */

/* Begin PBXSourcesBuildPhase section */
		672E139A2525F36600FCBF44 /* Sources */ = {
			isa = PBXSourcesBuildPhase;
			buildActionMask = 2147483647;
			files = (
				672E13A42525F36600FCBF44 /* ContentView.swift in Sources */,
				672E13A22525F36600FCBF44 /* UI8App.swift in Sources */,
			);
			runOnlyForDeploymentPostprocessing = 0;
		};
		672E13AB2525F36600FCBF44 /* Sources */ = {
			isa = PBXSourcesBuildPhase;
			buildActionMask = 2147483647;
			files = (
				672E13B42525F36600FCBF44 /* UI8Tests.swift in Sources */,
			);
			runOnlyForDeploymentPostprocessing = 0;
		};
		672E13B62525F36600FCBF44 /* Sources */ = {
			isa = PBXSourcesBuildPhase;
			buildActionMask = 2147483647;
			files = (
				672E13BF2525F36600FCBF44 /* UI8UITests.swift in Sources */,
			);
			runOnlyForDeploymentPostprocessing = 0;
		};
/* End PBXSourcesBuildPhase section */

/* Begin PBXTargetDependency section */
		672E13B12525F36600FCBF44 /* PBXTargetDependency */ = {
			isa = PBXTargetDependency;
			target = 672E139D2525F36600FCBF44 /* UI8 */;
			targetProxy = 672E13B02525F36600FCBF44 /* PBXContainerItemProxy */;
		};
		672E13BC2525F36600FCBF44 /* PBXTargetDependency */ = {
			isa = PBXTargetDependency;
			target = 672E139D2525F36600FCBF44 /* UI8 */;
			targetProxy = 672E13BB2525F36600FCBF44 /* PBXContainerItemProxy */;
		};
/* End PBXTargetDependency section */

/* Begin XCBuildConfiguration section */
		672E13C12525F36600FCBF44 /* Debug */ = {
			isa = XCBuildConfiguration;
			buildSettings = {
				ALWAYS_SEARCH_USER_PATHS = NO;
				CLANG_ANALYZER_NONNULL = YES;
				CLANG_ANALYZER_NUMBER_OBJECT_CONVERSION = YES_AGGRESSIVE;
				CLANG_CXX_LANGUAGE_STANDARD = "gnu++14";
				CLANG_CXX_LIBRARY = "libc++";
				CLANG_ENABLE_MODULES = YES;
				CLANG_ENABLE_OBJC_ARC = YES;
				CLANG_ENABLE_OBJC_WEAK = YES;
				CLANG_WARN_BLOCK_CAPTURE_AUTORELEASING = YES;
				CLANG_WARN_BOOL_CONVERSION = YES;
				CLANG_WARN_COMMA = YES;
				CLANG_WARN_CONSTANT_CONVERSION = YES;
				CLANG_WARN_DEPRECATED_OBJC_IMPLEMENTATIONS = YES;
				CLANG_WARN_DIRECT_OBJC_ISA_USAGE = YES_ERROR;
				CLANG_WARN_DOCUMENTATION_COMMENTS = YES;
				CLANG_WARN_EMPTY_BODY = YES;
				CLANG_WARN_ENUM_CONVERSION = YES;
				CLANG_WARN_INFINITE_RECURSION = YES;
				CLANG_WARN_INT_CONVERSION = YES;
				CLANG_WARN_NON_LITERAL_NULL_CONVERSION = YES;
				CLANG_WARN_OBJC_IMPLICIT_RETAIN_SELF = YES;
				CLANG_WARN_OBJC_LITERAL_CONVERSION = YES;
				CLANG_WARN_OBJC_ROOT_CLASS = YES_ERROR;
				CLANG_WARN_QUOTED_INCLUDE_IN_FRAMEWORK_HEADER = YES;
				CLANG_WARN_RANGE_LOOP_ANALYSIS = YES;
				CLANG_WARN_STRICT_PROTOTYPES = YES;
				CLANG_WARN_SUSPICIOUS_MOVE = YES;
				CLANG_WARN_UNGUARDED_AVAILABILITY = YES_AGGRESSIVE;
				CLANG_WARN_UNREACHABLE_CODE = YES;
				CLANG_WARN__DUPLICATE_METHOD_MATCH = YES;
				COPY_PHASE_STRIP = NO;
				DEBUG_INFORMATION_FORMAT = dwarf;
				ENABLE_STRICT_OBJC_MSGSEND = YES;
				ENABLE_TESTABILITY = YES;
				GCC_C_LANGUAGE_STANDARD = gnu11;
				GCC_DYNAMIC_NO_PIC = NO;
				GCC_NO_COMMON_BLOCKS = YES;
				GCC_OPTIMIZATION_LEVEL = 0;
				GCC_PREPROCESSOR_DEFINITIONS = (
					"DEBUG=1",
					"$(inherited)",
				);
				GCC_WARN_64_TO_32_BIT_CONVERSION = YES;
				GCC_WARN_ABOUT_RETURN_TYPE = YES_ERROR;
				GCC_WARN_UNDECLARED_SELECTOR = YES;
				GCC_WARN_UNINITIALIZED_AUTOS = YES_AGGRESSIVE;
				GCC_WARN_UNUSED_FUNCTION = YES;
				GCC_WARN_UNUSED_VARIABLE = YES;
				IPHONEOS_DEPLOYMENT_TARGET = 14.0;
				MTL_ENABLE_DEBUG_INFO = INCLUDE_SOURCE;
				MTL_FAST_MATH = YES;
				ONLY_ACTIVE_ARCH = YES;
				SDKROOT = iphoneos;
				SWIFT_ACTIVE_COMPILATION_CONDITIONS = DEBUG;
				SWIFT_OPTIMIZATION_LEVEL = "-Onone";
			};
			name = Debug;
		};
		672E13C22525F36600FCBF44 /* Release */ = {
			isa = XCBuildConfiguration;
			buildSettings = {
				ALWAYS_SEARCH_USER_PATHS = NO;
				CLANG_ANALYZER_NONNULL = YES;
				CLANG_ANALYZER_NUMBER_OBJECT_CONVERSION = YES_AGGRESSIVE;
				CLANG_CXX_LANGUAGE_STANDARD = "gnu++14";
				CLANG_CXX_LIBRARY = "libc++";
				CLANG_ENABLE_MODULES = YES;
				CLANG_ENABLE_OBJC_ARC = YES;
				CLANG_ENABLE_OBJC_WEAK = YES;
				CLANG_WARN_BLOCK_CAPTURE_AUTORELEASING = YES;
				CLANG_WARN_BOOL_CONVERSION = YES;
				CLANG_WARN_COMMA = YES;
				CLANG_WARN_CONSTANT_CONVERSION = YES;
				CLANG_WARN_DEPRECATED_OBJC_IMPLEMENTATIONS = YES;
				CLANG_WARN_DIRECT_OBJC_ISA_USAGE = YES_ERROR;
				CLANG_WARN_DOCUMENTATION_COMMENTS = YES;
				CLANG_WARN_EMPTY_BODY = YES;
				CLANG_WARN_ENUM_CONVERSION = YES;
				CLANG_WARN_INFINITE_RECURSION = YES;
				CLANG_WARN_INT_CONVERSION = YES;
				CLANG_WARN_NON_LITERAL_NULL_CONVERSION = YES;
				CLANG_WARN_OBJC_IMPLICIT_RETAIN_SELF = YES;
				CLANG_WARN_OBJC_LITERAL_CONVERSION = YES;
				CLANG_WARN_OBJC_ROOT_CLASS = YES_ERROR;
				CLANG_WARN_QUOTED_INCLUDE_IN_FRAMEWORK_HEADER = YES;
				CLANG_WARN_RANGE_LOOP_ANALYSIS = YES;
				CLANG_WARN_STRICT_PROTOTYPES = YES;
				CLANG_WARN_SUSPICIOUS_MOVE = YES;
				CLANG_WARN_UNGUARDED_AVAILABILITY = YES_AGGRESSIVE;
				CLANG_WARN_UNREACHABLE_CODE = YES;
				CLANG_WARN__DUPLICATE_METHOD_MATCH = YES;
				COPY_PHASE_STRIP = NO;
				DEBUG_INFORMATION_FORMAT = "dwarf-with-dsym";
				ENABLE_NS_ASSERTIONS = NO;
				ENABLE_STRICT_OBJC_MSGSEND = YES;
				GCC_C_LANGUAGE_STANDARD = gnu11;
				GCC_NO_COMMON_BLOCKS = YES;
				GCC_WARN_64_TO_32_BIT_CONVERSION = YES;
				GCC_WARN_ABOUT_RETURN_TYPE = YES_ERROR;
				GCC_WARN_UNDECLARED_SELECTOR = YES;
				GCC_WARN_UNINITIALIZED_AUTOS = YES_AGGRESSIVE;
				GCC_WARN_UNUSED_FUNCTION = YES;
				GCC_WARN_UNUSED_VARIABLE = YES;
				IPHONEOS_DEPLOYMENT_TARGET = 14.0;
				MTL_ENABLE_DEBUG_INFO = NO;
				MTL_FAST_MATH = YES;
				SDKROOT = iphoneos;
				SWIFT_COMPILATION_MODE = wholemodule;
				SWIFT_OPTIMIZATION_LEVEL = "-O";
				VALIDATE_PRODUCT = YES;
			};
			name = Release;
		};
		672E13C42525F36600FCBF44 /* Debug */ = {
			isa = XCBuildConfiguration;
			buildSettings = {
				ASSETCATALOG_COMPILER_APPICON_NAME = AppIcon;
				ASSETCATALOG_COMPILER_GLOBAL_ACCENT_COLOR_NAME = AccentColor;
				CODE_SIGN_STYLE = Automatic;
				DEVELOPMENT_ASSET_PATHS = "\"UI8/Preview Content\"";
				ENABLE_PREVIEWS = YES;
				INFOPLIST_FILE = UI8/Info.plist;
				IPHONEOS_DEPLOYMENT_TARGET = 14.0;
				LD_RUNPATH_SEARCH_PATHS = (
					"$(inherited)",
					"@executable_path/Frameworks",
				);
				PRODUCT_BUNDLE_IDENTIFIER = com.uzu.UI8;
				PRODUCT_NAME = "$(TARGET_NAME)";
				SWIFT_VERSION = 5.0;
				TARGETED_DEVICE_FAMILY = "1,2";
			};
			name = Debug;
		};
		672E13C52525F36600FCBF44 /* Release */ = {
			isa = XCBuildConfiguration;
			buildSettings = {
				ASSETCATALOG_COMPILER_APPICON_NAME = AppIcon;
				ASSETCATALOG_COMPILER_GLOBAL_ACCENT_COLOR_NAME = AccentColor;
				CODE_SIGN_STYLE = Automatic;
				DEVELOPMENT_ASSET_PATHS = "\"UI8/Preview Content\"";
				ENABLE_PREVIEWS = YES;
				INFOPLIST_FILE = UI8/Info.plist;
				IPHONEOS_DEPLOYMENT_TARGET = 14.0;
				LD_RUNPATH_SEARCH_PATHS = (
					"$(inherited)",
					"@executable_path/Frameworks",
				);
				PRODUCT_BUNDLE_IDENTIFIER = com.uzu.UI8;
				PRODUCT_NAME = "$(TARGET_NAME)";
				SWIFT_VERSION = 5.0;
				TARGETED_DEVICE_FAMILY = "1,2";
			};
			name = Release;
		};
		672E13C72525F36600FCBF44 /* Debug */ = {
			isa = XCBuildConfiguration;
			buildSettings = {
				ALWAYS_EMBED_SWIFT_STANDARD_LIBRARIES = YES;
				BUNDLE_LOADER = "$(TEST_HOST)";
				CODE_SIGN_STYLE = Automatic;
				INFOPLIST_FILE = UI8Tests/Info.plist;
				IPHONEOS_DEPLOYMENT_TARGET = 14.0;
				LD_RUNPATH_SEARCH_PATHS = (
					"$(inherited)",
					"@executable_path/Frameworks",
					"@loader_path/Frameworks",
				);
				PRODUCT_BUNDLE_IDENTIFIER = com.uzu.UI8Tests;
				PRODUCT_NAME = "$(TARGET_NAME)";
				SWIFT_VERSION = 5.0;
				TARGETED_DEVICE_FAMILY = "1,2";
				TEST_HOST = "$(BUILT_PRODUCTS_DIR)/UI8.app/UI8";
			};
			name = Debug;
		};
		672E13C82525F36600FCBF44 /* Release */ = {
			isa = XCBuildConfiguration;
			buildSettings = {
				ALWAYS_EMBED_SWIFT_STANDARD_LIBRARIES = YES;
				BUNDLE_LOADER = "$(TEST_HOST)";
				CODE_SIGN_STYLE = Automatic;
				INFOPLIST_FILE = UI8Tests/Info.plist;
				IPHONEOS_DEPLOYMENT_TARGET = 14.0;
				LD_RUNPATH_SEARCH_PATHS = (
					"$(inherited)",
					"@executable_path/Frameworks",
					"@loader_path/Frameworks",
				);
				PRODUCT_BUNDLE_IDENTIFIER = com.uzu.UI8Tests;
				PRODUCT_NAME = "$(TARGET_NAME)";
				SWIFT_VERSION = 5.0;
				TARGETED_DEVICE_FAMILY = "1,2";
				TEST_HOST = "$(BUILT_PRODUCTS_DIR)/UI8.app/UI8";
			};
			name = Release;
		};
		672E13CA2525F36600FCBF44 /* Debug */ = {
			isa = XCBuildConfiguration;
			buildSettings = {
				ALWAYS_EMBED_SWIFT_STANDARD_LIBRARIES = YES;
				CODE_SIGN_STYLE = Automatic;
				INFOPLIST_FILE = UI8UITests/Info.plist;
				LD_RUNPATH_SEARCH_PATHS = (
					"$(inherited)",
					"@executable_path/Frameworks",
					"@loader_path/Frameworks",
				);
				PRODUCT_BUNDLE_IDENTIFIER = com.uzu.UI8UITests;
				PRODUCT_NAME = "$(TARGET_NAME)";
				SWIFT_VERSION = 5.0;
				TARGETED_DEVICE_FAMILY = "1,2";
				TEST_TARGET_NAME = UI8;
			};
			name = Debug;
		};
		672E13CB2525F36600FCBF44 /* Release */ = {
			isa = XCBuildConfiguration;
			buildSettings = {
				ALWAYS_EMBED_SWIFT_STANDARD_LIBRARIES = YES;
				CODE_SIGN_STYLE = Automatic;
				INFOPLIST_FILE = UI8UITests/Info.plist;
				LD_RUNPATH_SEARCH_PATHS = (
					"$(inherited)",
					"@executable_path/Frameworks",
					"@loader_path/Frameworks",
				);
				PRODUCT_BUNDLE_IDENTIFIER = com.uzu.UI8UITests;
				PRODUCT_NAME = "$(TARGET_NAME)";
				SWIFT_VERSION = 5.0;
				TARGETED_DEVICE_FAMILY = "1,2";
				TEST_TARGET_NAME = UI8;
			};
			name = Release;
		};
/* End XCBuildConfiguration section */

/* Begin XCConfigurationList section */
		672E13992525F36600FCBF44 /* Build configuration list for PBXProject "UI8" */ = {
			isa = XCConfigurationList;
			buildConfigurations = (
				672E13C12525F36600FCBF44 /* Debug */,
				672E13C22525F36600FCBF44 /* Release */,
			);
			defaultConfigurationIsVisible = 0;
			defaultConfigurationName = Release;
		};
		672E13C32525F36600FCBF44 /* Build configuration list for PBXNativeTarget "UI8" */ = {
			isa = XCConfigurationList;
			buildConfigurations = (
				672E13C42525F36600FCBF44 /* Debug */,
				672E13C52525F36600FCBF44 /* Release */,
			);
			defaultConfigurationIsVisible = 0;
			defaultConfigurationName = Release;
		};
		672E13C62525F36600FCBF44 /* Build configuration list for PBXNativeTarget "UI8Tests" */ = {
			isa = XCConfigurationList;
			buildConfigurations = (
				672E13C72525F36600FCBF44 /* Debug */,
				672E13C82525F36600FCBF44 /* Release */,
			);
			defaultConfigurationIsVisible = 0;
			defaultConfigurationName = Release;
		};
		672E13C92525F36600FCBF44 /* Build configuration list for PBXNativeTarget "UI8UITests" */ = {
			isa = XCConfigurationList;
			buildConfigurations = (
				672E13CA2525F36600FCBF44 /* Debug */,
				672E13CB2525F36600FCBF44 /* Release */,
			);
			defaultConfigurationIsVisible = 0;
			defaultConfigurationName = Release;
		};
/* End XCConfigurationList section */
	};
	rootObject = 672E13962525F36600FCBF44 /* Project object */;
}
